
Microsoft Visual Studio Solution File, Format Version 12.00
# Visual Studio Version 17
VisualStudioVersion = 17.4.33213.308
MinimumVisualStudioVersion = 10.0.40219.1
Project("{FAE04EC0-301F-11D3-BF4B-00C04F79EFBC}") = "Insertion", "Insertion\Insertion.csproj", "{3D209E55-7DA0-490A-A1EA-E7574E0BC3A4}"
EndProject
Project("{FAE04EC0-301F-11D3-BF4B-00C04F79EFBC}") = "LeanerSerch", "LeanerSerch\LeanerSerch.csproj", "{BC1388DD-61E3-4DB8-AB36-E5DA6F7A3741}"
EndProject
Project("{8BC9CEB8-8B4A-11D0-8D11-00A0C91BC942}") = "BoubleSort", "BoubleSort\BoubleSort.vcxproj", "{6C8BE4EB-9D61-4082-8C24-BF077FDABE01}"
EndProject
Global
	GlobalSection(SolutionConfigurationPlatforms) = preSolution
		Debug|Any CPU = Debug|Any CPU
		Debug|x64 = Debug|x64
		Debug|x86 = Debug|x86
		Release|Any CPU = Release|Any CPU
		Release|x64 = Release|x64
		Release|x86 = Release|x86
	EndGlobalSection
	GlobalSection(ProjectConfigurationPlatforms) = postSolution
		{3D209E55-7DA0-490A-A1EA-E7574E0BC3A4}.Debug|Any CPU.ActiveCfg = Debug|Any CPU
		{3D209E55-7DA0-490A-A1EA-E7574E0BC3A4}.Debug|Any CPU.Build.0 = Debug|Any CPU
		{3D209E55-7DA0-490A-A1EA-E7574E0BC3A4}.Debug|x64.ActiveCfg = Debug|Any CPU
		{3D209E55-7DA0-490A-A1EA-E7574E0BC3A4}.Debug|x64.Build.0 = Debug|Any CPU
		{3D209E55-7DA0-490A-A1EA-E7574E0BC3A4}.Debug|x86.ActiveCfg = Debug|Any CPU
		{3D209E55-7DA0-490A-A1EA-E7574E0BC3A4}.Debug|x86.Build.0 = Debug|Any CPU
		{3D209E55-7DA0-490A-A1EA-E7574E0BC3A4}.Release|Any CPU.ActiveCfg = Release|Any CPU
		{3D209E55-7DA0-490A-A1EA-E7574E0BC3A4}.Release|Any CPU.Build.0 = Release|Any CPU
		{3D209E55-7DA0-490A-A1EA-E7574E0BC3A4}.Release|x64.ActiveCfg = Release|Any CPU
		{3D209E55-7DA0-490A-A1EA-E7574E0BC3A4}.Release|x64.Build.0 = Release|Any CPU
		{3D209E55-7DA0-490A-A1EA-E7574E0BC3A4}.Release|x86.ActiveCfg = Release|Any CPU
		{3D209E55-7DA0-490A-A1EA-E7574E0BC3A4}.Release|x86.Build.0 = Release|Any CPU
		{BC1388DD-61E3-4DB8-AB36-E5DA6F7A3741}.Debug|Any CPU.ActiveCfg = Debug|Any CPU
		{BC1388DD-61E3-4DB8-AB36-E5DA6F7A3741}.Debug|Any CPU.Build.0 = Debug|Any CPU
		{BC1388DD-61E3-4DB8-AB36-E5DA6F7A3741}.Debug|x64.ActiveCfg = Debug|Any CPU
		{BC1388DD-61E3-4DB8-AB36-E5DA6F7A3741}.Debug|x64.Build.0 = Debug|Any CPU
		{BC1388DD-61E3-4DB8-AB36-E5DA6F7A3741}.Debug|x86.ActiveCfg = Debug|Any CPU
		{BC1388DD-61E3-4DB8-AB36-E5DA6F7A3741}.Debug|x86.Build.0 = Debug|Any CPU
		{BC1388DD-61E3-4DB8-AB36-E5DA6F7A3741}.Release|Any CPU.ActiveCfg = Release|Any CPU
		{BC1388DD-61E3-4DB8-AB36-E5DA6F7A3741}.Release|Any CPU.Build.0 = Release|Any CPU
		{BC1388DD-61E3-4DB8-AB36-E5DA6F7A3741}.Release|x64.ActiveCfg = Release|Any CPU
		{BC1388DD-61E3-4DB8-AB36-E5DA6F7A3741}.Release|x64.Build.0 = Release|Any CPU
		{BC1388DD-61E3-4DB8-AB36-E5DA6F7A3741}.Release|x86.ActiveCfg = Release|Any CPU
		{BC1388DD-61E3-4DB8-AB36-E5DA6F7A3741}.Release|x86.Build.0 = Release|Any CPU
		{6C8BE4EB-9D61-4082-8C24-BF077FDABE01}.Debug|Any CPU.ActiveCfg = Debug|x64
		{6C8BE4EB-9D61-4082-8C24-BF077FDABE01}.Debug|Any CPU.Build.0 = Debug|x64
		{6C8BE4EB-9D61-4082-8C24-BF077FDABE01}.Debug|x64.ActiveCfg = Debug|x64
		{6C8BE4EB-9D61-4082-8C24-BF077FDABE01}.Debug|x64.Build.0 = Debug|x64
		{6C8BE4EB-9D61-4082-8C24-BF077FDABE01}.Debug|x86.ActiveCfg = Debug|Win32
		{6C8BE4EB-9D61-4082-8C24-BF077FDABE01}.Debug|x86.Build.0 = Debug|Win32
		{6C8BE4EB-9D61-4082-8C24-BF077FDABE01}.Release|Any CPU.ActiveCfg = Release|x64
		{6C8BE4EB-9D61-4082-8C24-BF077FDABE01}.Release|Any CPU.Build.0 = Release|x64
		{6C8BE4EB-9D61-4082-8C24-BF077FDABE01}.Release|x64.ActiveCfg = Release|x64
		{6C8BE4EB-9D61-4082-8C24-BF077FDABE01}.Release|x64.Build.0 = Release|x64
		{6C8BE4EB-9D61-4082-8C24-BF077FDABE01}.Release|x86.ActiveCfg = Release|Win32
		{6C8BE4EB-9D61-4082-8C24-BF077FDABE01}.Release|x86.Build.0 = Release|Win32
	EndGlobalSection
	GlobalSection(SolutionProperties) = preSolution
		HideSolutionNode = FALSE
	EndGlobalSection
	GlobalSection(ExtensibilityGlobals) = postSolution
		SolutionGuid = {0FADA59A-0528-4D4F-AF64-170242ECE90E}
	EndGlobalSection
EndGlobal
